
Microsoft Visual Studio Solution File, Format Version 12.00
# Visual Studio Version 16
VisualStudioVersion = 16.0.29025.244
MinimumVisualStudioVersion = 10.0.40219.1
Project("{FAE04EC0-301F-11D3-BF4B-00C04F79EFBC}") = "Adaline_NN", "Adaline_NN\Adaline_NN.csproj", "{90107577-2DE8-40CD-B951-FCDC3A43ECDD}"
EndProject
Global
	GlobalSection(SolutionConfigurationPlatforms) = preSolution
		Debug|Any CPU = Debug|Any CPU
		Release|Any CPU = Release|Any CPU
	EndGlobalSection
	GlobalSection(ProjectConfigurationPlatforms) = postSolution
		{90107577-2DE8-40CD-B951-FCDC3A43ECDD}.Debug|Any CPU.ActiveCfg = Debug|Any CPU
		{90107577-2DE8-40CD-B951-FCDC3A43ECDD}.Debug|Any CPU.Build.0 = Debug|Any CPU
		{90107577-2DE8-40CD-B951-FCDC3A43ECDD}.Release|Any CPU.ActiveCfg = Release|Any CPU
		{90107577-2DE8-40CD-B951-FCDC3A43ECDD}.Release|Any CPU.Build.0 = Release|Any CPU
	EndGlobalSection
	GlobalSection(SolutionProperties) = preSolution
		HideSolutionNode = FALSE
	EndGlobalSection
	GlobalSection(ExtensibilityGlobals) = postSolution
		SolutionGuid = {1A58973D-835F-4A39-9670-D96CB53CDBB3}
	EndGlobalSection
EndGlobal
